{
  "name": "0.4.9",
  "lockfileVersion": 3,
  "requires": true,
  "packages": {
    "": {
      "dependencies": {
        "kinesis-local": "^0.4.9"
      }
    },
    "node_modules/kinesis-local": {
      "version": "0.4.9",
      "resolved": "https://registry.npmjs.org/kinesis-local/-/kinesis-local-0.4.9.tgz",
      "integrity": "sha512-t0hUaHHZmRu5vEYMTIfeXW9BuWiLGFJzv/mMJv35EZ16NVxaFqskugcQVZUoV9NQ+GCOIncbQcFWk1bsh6F8fg==",
      "license": "MIT",
      "dependencies": {
        "punycode": "2.1.1"
      },
      "bin": {
        "kinesis-local": "main.js"
      }
    },
    "node_modules/punycode": {
      "version": "2.1.1",
      "resolved": "https://registry.npmjs.org/punycode/-/punycode-2.1.1.tgz",
      "integrity": "sha512-XRsRjdf+j5ml+y/6GKHPZbrF/8p2Yga0JPtdqTIY2Xe5ohJPD9saDJJLPvp9+NSBprVvevdXZybnj2cv8OEd0A==",
      "license": "MIT",
      "engines": {
        "node": ">=6"
      }
    }
  }
}
